# This file was autogenerated by Stack.
# You should not edit this file by hand.
# For more information, please see the documentation at:
#   https://docs.haskellstack.org/en/stable/topics/lock_files

packages:
- completed:
    hackage: servant-event-stream-0.3.0.1@sha256:48fc343d057fce6307a5b5c1fce56129e591fe7e983813b3484b2871edcc88b7,1351
    pantry-tree:
      sha256: 5ab6c8f69aed7ef103bfb8cdc653b031125869d3aed4cfaad4a05ab01831643c
      size: 388
  original:
    hackage: servant-event-stream-0.3.0.1
- completed:
    hackage: wai-eventsource-3.0.0@sha256:3400431f33ece0545bbb3c79b5faf335ae7f89cfc9c601abe4f6ed05e3dd9571,598
    pantry-tree:
      sha256: 4a88eb047ed181e503384762da9b759c0603a6b9b9d2b36024677363d78c9462
      size: 160
  original:
    hackage: wai-eventsource-3.0.0
snapshots:
- completed:
    sha256: d133abe75e408a407cce3f032c96ac1bbadf474a93b5156ebf4135b53382d56b
    size: 683827
    url: https://raw.githubusercontent.com/commercialhaskell/stackage-snapshots/master/lts/23/18.yaml
  original: lts-23.19
